
Microsoft Visual Studio Solution File, Format Version 12.00
# Visual Studio Version 17
VisualStudioVersion = 17.12.35521.163
MinimumVisualStudioVersion = 10.0.40219.1
Project("{FAE04EC0-301F-11D3-BF4B-00C04F79EFBC}") = "AlMadina.API", "AlMadina.API\AlMadina.API.csproj", "{B2F66BED-4FB7-45B0-AEB9-A591F3843630}"
EndProject
Project("{FAE04EC0-301F-11D3-BF4B-00C04F79EFBC}") = "AlMadina.Application", "AlMadina.Application\AlMadina.Application.csproj", "{7E0C1B28-42AA-40DE-921A-45F6DE51D50B}"
EndProject
Project("{FAE04EC0-301F-11D3-BF4B-00C04F79EFBC}") = "AlMadina.Domain", "AlMadina.Domain\AlMadina.Domain.csproj", "{A6B708E4-D238-49D4-9678-F824561E8818}"
EndProject
Project("{FAE04EC0-301F-11D3-BF4B-00C04F79EFBC}") = "AlMadina.Infrastructure", "AlMadina.Infrastructure\AlMadina.Infrastructure.csproj", "{C8EDC86E-2361-4D0D-85B3-AAAC59353F54}"
EndProject
Global
	GlobalSection(SolutionConfigurationPlatforms) = preSolution
		Debug|Any CPU = Debug|Any CPU
		Release|Any CPU = Release|Any CPU
	EndGlobalSection
	GlobalSection(ProjectConfigurationPlatforms) = postSolution
		{B2F66BED-4FB7-45B0-AEB9-A591F3843630}.Debug|Any CPU.ActiveCfg = Debug|Any CPU
		{B2F66BED-4FB7-45B0-AEB9-A591F3843630}.Debug|Any CPU.Build.0 = Debug|Any CPU
		{B2F66BED-4FB7-45B0-AEB9-A591F3843630}.Release|Any CPU.ActiveCfg = Release|Any CPU
		{B2F66BED-4FB7-45B0-AEB9-A591F3843630}.Release|Any CPU.Build.0 = Release|Any CPU
		{7E0C1B28-42AA-40DE-921A-45F6DE51D50B}.Debug|Any CPU.ActiveCfg = Debug|Any CPU
		{7E0C1B28-42AA-40DE-921A-45F6DE51D50B}.Debug|Any CPU.Build.0 = Debug|Any CPU
		{7E0C1B28-42AA-40DE-921A-45F6DE51D50B}.Release|Any CPU.ActiveCfg = Release|Any CPU
		{7E0C1B28-42AA-40DE-921A-45F6DE51D50B}.Release|Any CPU.Build.0 = Release|Any CPU
		{A6B708E4-D238-49D4-9678-F824561E8818}.Debug|Any CPU.ActiveCfg = Debug|Any CPU
		{A6B708E4-D238-49D4-9678-F824561E8818}.Debug|Any CPU.Build.0 = Debug|Any CPU
		{A6B708E4-D238-49D4-9678-F824561E8818}.Release|Any CPU.ActiveCfg = Release|Any CPU
		{A6B708E4-D238-49D4-9678-F824561E8818}.Release|Any CPU.Build.0 = Release|Any CPU
		{C8EDC86E-2361-4D0D-85B3-AAAC59353F54}.Debug|Any CPU.ActiveCfg = Debug|Any CPU
		{C8EDC86E-2361-4D0D-85B3-AAAC59353F54}.Debug|Any CPU.Build.0 = Debug|Any CPU
		{C8EDC86E-2361-4D0D-85B3-AAAC59353F54}.Release|Any CPU.ActiveCfg = Release|Any CPU
		{C8EDC86E-2361-4D0D-85B3-AAAC59353F54}.Release|Any CPU.Build.0 = Release|Any CPU
	EndGlobalSection
	GlobalSection(SolutionProperties) = preSolution
		HideSolutionNode = FALSE
	EndGlobalSection
EndGlobal
